{
  "name": "bare-metal-cluster-tools",
  "version": "1.0.0",
  "lockfileVersion": 1,
  "requires": true,
  "dependencies": {
    "arpscan": {
      "version": "0.6.0",
      "resolved": "https://registry.npmjs.org/arpscan/-/arpscan-0.6.0.tgz",
      "integrity": "sha1-ERE+wwybBS/XzSseYdxud0agd1M=",
      "requires": {
        "commander": "^2.7.1",
        "gextend": "^0.1.6",
        "suspawn": "^0.2.2"
      }
    },
    "commander": {
      "version": "2.17.1",
      "resolved": "https://registry.npmjs.org/commander/-/commander-2.17.1.tgz",
      "integrity": "sha512-wPMUt6FnH2yzG95SA6mzjQOEKUU3aLaDEmzs1ti+1E9h+CsrZghRlqEM/EJ4KscsQVG8uNN4uVreUeT8+drlgg=="
    },
    "gextend": {
      "version": "0.1.6",
      "resolved": "https://registry.npmjs.org/gextend/-/gextend-0.1.6.tgz",
      "integrity": "sha1-7eQsDwu/U/0PXxAcQWNDyva9hHI="
    },
    "suspawn": {
      "version": "0.2.2",
      "resolved": "https://registry.npmjs.org/suspawn/-/suspawn-0.2.2.tgz",
      "integrity": "sha1-ClQP2ggXV56JBbVuKd4b9IOl88M="
    }
  }
}
