{
  "name": "bare-metal-cluster-tools",
  "version": "1.0.0",
  "lockfileVersion": 1,
  "requires": true,
  "dependencies": {
    "arpscan": {
      "version": "0.6.0",
      "resolved": "https://registry.npmjs.org/arpscan/-/arpscan-0.6.0.tgz",
      "integrity": "sha1-ERE+wwybBS/XzSseYdxud0agd1M=",
      "requires": {
        "commander": "^2.7.1",
        "gextend": "^0.1.6",
        "suspawn": "^0.2.2"
      }
    },
    "commander": {
      "version": "2.17.1",
      "resolved": "https://registry.npmjs.org/commander/-/commander-2.17.1.tgz",
      "integrity": "sha512-wPMUt6FnH2yzG95SA6mzjQOEKUU3aLaDEmzs1ti+1E9h+CsrZghRlqEM/EJ4KscsQVG8uNN4uVreUeT8+drlgg=="
    },
    "eachr": {
      "version": "3.2.0",
      "resolved": "https://registry.npmjs.org/eachr/-/eachr-3.2.0.tgz",
      "integrity": "sha1-LDXkPqCGUW95l8+At6pk1VpKRIQ=",
      "requires": {
        "editions": "^1.1.1",
        "typechecker": "^4.3.0"
      },
      "dependencies": {
        "editions": {
          "version": "1.3.4",
          "resolved": "https://registry.npmjs.org/editions/-/editions-1.3.4.tgz",
          "integrity": "sha512-gzao+mxnYDzIysXKMQi/+M1mjy/rjestjg6OPoYTtI+3Izp23oiGZitsl9lPDPiTGXbcSIk1iJWhliSaglxnUg=="
        }
      }
    },
    "editions": {
      "version": "2.0.1",
      "resolved": "https://registry.npmjs.org/editions/-/editions-2.0.1.tgz",
      "integrity": "sha512-GNBqG7eF4lxz/jPGM1A/oazdRW9D86OMeggfvCXuA9kcxBJ8fcWO1O8q73pepQlwR8+KecxrgGduwdNeZJ0R9Q==",
      "requires": {
        "errlop": "^1.0.2",
        "semver": "^5.5.0"
      }
    },
    "errlop": {
      "version": "1.0.3",
      "resolved": "https://registry.npmjs.org/errlop/-/errlop-1.0.3.tgz",
      "integrity": "sha512-5VTnt0yikY4LlQEfCXVSqfE6oLj1HVM4zVSvAKMnoYjL/zrb6nqiLowZS4XlG7xENfyj7lpYWvT+wfSCr6dtlA==",
      "requires": {
        "editions": "^1.3.4"
      },
      "dependencies": {
        "editions": {
          "version": "1.3.4",
          "resolved": "https://registry.npmjs.org/editions/-/editions-1.3.4.tgz",
          "integrity": "sha512-gzao+mxnYDzIysXKMQi/+M1mjy/rjestjg6OPoYTtI+3Izp23oiGZitsl9lPDPiTGXbcSIk1iJWhliSaglxnUg=="
        }
      }
    },
    "extract-opts": {
      "version": "3.3.1",
      "resolved": "https://registry.npmjs.org/extract-opts/-/extract-opts-3.3.1.tgz",
      "integrity": "sha1-WrvtyYwNUgLjJ4cn+Rktfghsa+E=",
      "requires": {
        "eachr": "^3.2.0",
        "editions": "^1.1.1",
        "typechecker": "^4.3.0"
      },
      "dependencies": {
        "editions": {
          "version": "1.3.4",
          "resolved": "https://registry.npmjs.org/editions/-/editions-1.3.4.tgz",
          "integrity": "sha512-gzao+mxnYDzIysXKMQi/+M1mjy/rjestjg6OPoYTtI+3Izp23oiGZitsl9lPDPiTGXbcSIk1iJWhliSaglxnUg=="
        }
      }
    },
    "getmac": {
      "version": "1.4.5",
      "resolved": "https://registry.npmjs.org/getmac/-/getmac-1.4.5.tgz",
      "integrity": "sha512-Y4Zu6i3zXAnH+Q2zSdnV8SSmyu3BisdfQhsH8YLsC/7vTxgNTTT/JzHWmU3tZEim8hvaCtZLaE5E95wo8P4oGQ==",
      "requires": {
        "editions": "^2.0.0",
        "extract-opts": "^3.2.0"
      }
    },
    "gextend": {
      "version": "0.1.6",
      "resolved": "https://registry.npmjs.org/gextend/-/gextend-0.1.6.tgz",
      "integrity": "sha1-7eQsDwu/U/0PXxAcQWNDyva9hHI="
    },
    "ip": {
      "version": "1.1.5",
      "resolved": "https://registry.npmjs.org/ip/-/ip-1.1.5.tgz",
      "integrity": "sha1-vd7XARQpCCjAoDnnLvJfWq7ENUo="
    },
    "semver": {
      "version": "5.5.1",
      "resolved": "https://registry.npmjs.org/semver/-/semver-5.5.1.tgz",
      "integrity": "sha512-PqpAxfrEhlSUWge8dwIp4tZnQ25DIOthpiaHNIthsjEFQD6EvqUKUDM7L8O2rShkFccYo1VjJR0coWfNkCubRw=="
    },
    "suspawn": {
      "version": "0.2.2",
      "resolved": "https://registry.npmjs.org/suspawn/-/suspawn-0.2.2.tgz",
      "integrity": "sha1-ClQP2ggXV56JBbVuKd4b9IOl88M="
    },
    "typechecker": {
      "version": "4.5.0",
      "resolved": "https://registry.npmjs.org/typechecker/-/typechecker-4.5.0.tgz",
      "integrity": "sha512-bqPE/ck3bVIaXP7gMKTKSHrypT32lpYTpiqzPYeYzdSQnmaGvaGhy7TnN/M/+5R+2rs/kKcp9ZLPRp/Q9Yj+4w==",
      "requires": {
        "editions": "^1.3.4"
      },
      "dependencies": {
        "editions": {
          "version": "1.3.4",
          "resolved": "https://registry.npmjs.org/editions/-/editions-1.3.4.tgz",
          "integrity": "sha512-gzao+mxnYDzIysXKMQi/+M1mjy/rjestjg6OPoYTtI+3Izp23oiGZitsl9lPDPiTGXbcSIk1iJWhliSaglxnUg=="
        }
      }
    }
  }
}
